
Microsoft Visual Studio Solution File, Format Version 12.00
# Visual Studio 14
VisualStudioVersion = 14.0.25420.1
MinimumVisualStudioVersion = 10.0.40219.1
Project("{FAE04EC0-301F-11D3-BF4B-00C04F79EFBC}") = "VigenereCipher", "VigenereCipher\VigenereCipher.csproj", "{EBE05B16-2D6A-41A3-B537-8C3F2695827C}"
EndProject
Project("{FAE04EC0-301F-11D3-BF4B-00C04F79EFBC}") = "VigenereCipherTests", "VigenereCipherTests\VigenereCipherTests.csproj", "{1D075415-3035-4D79-B3A2-5B8CB2809DD5}"
EndProject
Project("{FAE04EC0-301F-11D3-BF4B-00C04F79EFBC}") = "VigenereUI", "VigenereUI\VigenereUI.csproj", "{BEF1F804-D22A-4BEE-A344-E4B8E7ADA5BC}"
EndProject
Project("{FAE04EC0-301F-11D3-BF4B-00C04F79EFBC}") = "CasiskiUI", "CasiskiUI\CasiskiUI.csproj", "{7B70C3AA-B70B-4017-A775-C0838165B145}"
EndProject
Global
	GlobalSection(SolutionConfigurationPlatforms) = preSolution
		Debug|Any CPU = Debug|Any CPU
		Release|Any CPU = Release|Any CPU
	EndGlobalSection
	GlobalSection(ProjectConfigurationPlatforms) = postSolution
		{EBE05B16-2D6A-41A3-B537-8C3F2695827C}.Debug|Any CPU.ActiveCfg = Debug|Any CPU
		{EBE05B16-2D6A-41A3-B537-8C3F2695827C}.Debug|Any CPU.Build.0 = Debug|Any CPU
		{EBE05B16-2D6A-41A3-B537-8C3F2695827C}.Release|Any CPU.ActiveCfg = Release|Any CPU
		{EBE05B16-2D6A-41A3-B537-8C3F2695827C}.Release|Any CPU.Build.0 = Release|Any CPU
		{1D075415-3035-4D79-B3A2-5B8CB2809DD5}.Debug|Any CPU.ActiveCfg = Debug|Any CPU
		{1D075415-3035-4D79-B3A2-5B8CB2809DD5}.Debug|Any CPU.Build.0 = Debug|Any CPU
		{1D075415-3035-4D79-B3A2-5B8CB2809DD5}.Release|Any CPU.ActiveCfg = Release|Any CPU
		{1D075415-3035-4D79-B3A2-5B8CB2809DD5}.Release|Any CPU.Build.0 = Release|Any CPU
		{BEF1F804-D22A-4BEE-A344-E4B8E7ADA5BC}.Debug|Any CPU.ActiveCfg = Debug|Any CPU
		{BEF1F804-D22A-4BEE-A344-E4B8E7ADA5BC}.Debug|Any CPU.Build.0 = Debug|Any CPU
		{BEF1F804-D22A-4BEE-A344-E4B8E7ADA5BC}.Release|Any CPU.ActiveCfg = Release|Any CPU
		{BEF1F804-D22A-4BEE-A344-E4B8E7ADA5BC}.Release|Any CPU.Build.0 = Release|Any CPU
		{7B70C3AA-B70B-4017-A775-C0838165B145}.Debug|Any CPU.ActiveCfg = Debug|Any CPU
		{7B70C3AA-B70B-4017-A775-C0838165B145}.Debug|Any CPU.Build.0 = Debug|Any CPU
		{7B70C3AA-B70B-4017-A775-C0838165B145}.Release|Any CPU.ActiveCfg = Release|Any CPU
		{7B70C3AA-B70B-4017-A775-C0838165B145}.Release|Any CPU.Build.0 = Release|Any CPU
	EndGlobalSection
	GlobalSection(SolutionProperties) = preSolution
		HideSolutionNode = FALSE
	EndGlobalSection
EndGlobal
